
Microsoft Visual Studio Solution File, Format Version 12.00
# Visual Studio Version 16
VisualStudioVersion = 16.0.29926.136
MinimumVisualStudioVersion = 10.0.40219.1
Project("{FAE04EC0-301F-11D3-BF4B-00C04F79EFBC}") = "Line remover", "Line remover\Line remover.csproj", "{2C750133-309A-45E6-ADFE-0BFABDA71097}"
EndProject
Global
	GlobalSection(SolutionConfigurationPlatforms) = preSolution
		Debug|Any CPU = Debug|Any CPU
		Release|Any CPU = Release|Any CPU
	EndGlobalSection
	GlobalSection(ProjectConfigurationPlatforms) = postSolution
		{2C750133-309A-45E6-ADFE-0BFABDA71097}.Debug|Any CPU.ActiveCfg = Debug|Any CPU
		{2C750133-309A-45E6-ADFE-0BFABDA71097}.Debug|Any CPU.Build.0 = Debug|Any CPU
		{2C750133-309A-45E6-ADFE-0BFABDA71097}.Release|Any CPU.ActiveCfg = Release|Any CPU
		{2C750133-309A-45E6-ADFE-0BFABDA71097}.Release|Any CPU.Build.0 = Release|Any CPU
	EndGlobalSection
	GlobalSection(SolutionProperties) = preSolution
		HideSolutionNode = FALSE
	EndGlobalSection
	GlobalSection(ExtensibilityGlobals) = postSolution
		SolutionGuid = {4DB5011C-5D5B-4F48-83AC-D7FAFAE4FBBB}
	EndGlobalSection
EndGlobal
